
Microsoft Visual Studio Solution File, Format Version 12.00
# Visual Studio Version 17
VisualStudioVersion = 17.4.33205.214
MinimumVisualStudioVersion = 10.0.40219.1
Project("{FAE04EC0-301F-11D3-BF4B-00C04F79EFBC}") = "NavigationExample", "NavigationExample\NavigationExample.csproj", "{8AC14140-3B80-4D47-A055-60736556D530}"
EndProject
Global
	GlobalSection(SolutionConfigurationPlatforms) = preSolution
		Debug|Any CPU = Debug|Any CPU
		Release|Any CPU = Release|Any CPU
	EndGlobalSection
	GlobalSection(ProjectConfigurationPlatforms) = postSolution
		{8AC14140-3B80-4D47-A055-60736556D530}.Debug|Any CPU.ActiveCfg = Debug|Any CPU
		{8AC14140-3B80-4D47-A055-60736556D530}.Debug|Any CPU.Build.0 = Debug|Any CPU
		{8AC14140-3B80-4D47-A055-60736556D530}.Release|Any CPU.ActiveCfg = Release|Any CPU
		{8AC14140-3B80-4D47-A055-60736556D530}.Release|Any CPU.Build.0 = Release|Any CPU
	EndGlobalSection
	GlobalSection(SolutionProperties) = preSolution
		HideSolutionNode = FALSE
	EndGlobalSection
	GlobalSection(ExtensibilityGlobals) = postSolution
		SolutionGuid = {77CD5F1A-0938-4587-82CC-CE4B5349F364}
	EndGlobalSection
EndGlobal
